{
  "name": "issue-autopilot-dashboard",
  "version": "0.1.0",
  "lockfileVersion": 3,
  "requires": true,
  "packages": {
    "": {
      "name": "issue-autopilot-dashboard",
      "version": "0.1.0",
      "dependencies": {
        "@directus/sdk": "^18.0.0"
      }
    },
    "node_modules/@directus/sdk": {
      "version": "18.0.3",
      "resolved": "https://registry.npmjs.org/@directus/sdk/-/sdk-18.0.3.tgz",
      "integrity": "sha512-PnEDRDqr2x/DG3HZ3qxU7nFp2nW6zqJqswjii57NhriXgTz4TBUI8NmSdzQvnyHuTL9J0nedYfQGfW4v8odS1A==",
      "license": "MIT",
      "engines": {
        "node": ">=18.0.0"
      },
      "funding": {
        "url": "https://github.com/directus/directus?sponsor=1"
      }
    }
  }
}
